
Microsoft Visual Studio Solution File, Format Version 12.00
# Visual Studio Version 17
VisualStudioVersion = 17.5.33627.172
MinimumVisualStudioVersion = 10.0.40219.1
Project("{8BC9CEB8-8B4A-11D0-8D11-00A0C91BC942}") = "11MayorTresEnterosOperadorLogico", "11MayorTresEnterosOperadorLogico\11MayorTresEnterosOperadorLogico.vcxproj", "{CB90F9A2-F93C-454E-AC9A-DC39B9D4EF4E}"
EndProject
Global
	GlobalSection(SolutionConfigurationPlatforms) = preSolution
		Debug|x64 = Debug|x64
		Debug|x86 = Debug|x86
		Release|x64 = Release|x64
		Release|x86 = Release|x86
	EndGlobalSection
	GlobalSection(ProjectConfigurationPlatforms) = postSolution
		{CB90F9A2-F93C-454E-AC9A-DC39B9D4EF4E}.Debug|x64.ActiveCfg = Debug|x64
		{CB90F9A2-F93C-454E-AC9A-DC39B9D4EF4E}.Debug|x64.Build.0 = Debug|x64
		{CB90F9A2-F93C-454E-AC9A-DC39B9D4EF4E}.Debug|x86.ActiveCfg = Debug|Win32
		{CB90F9A2-F93C-454E-AC9A-DC39B9D4EF4E}.Debug|x86.Build.0 = Debug|Win32
		{CB90F9A2-F93C-454E-AC9A-DC39B9D4EF4E}.Release|x64.ActiveCfg = Release|x64
		{CB90F9A2-F93C-454E-AC9A-DC39B9D4EF4E}.Release|x64.Build.0 = Release|x64
		{CB90F9A2-F93C-454E-AC9A-DC39B9D4EF4E}.Release|x86.ActiveCfg = Release|Win32
		{CB90F9A2-F93C-454E-AC9A-DC39B9D4EF4E}.Release|x86.Build.0 = Release|Win32
	EndGlobalSection
	GlobalSection(SolutionProperties) = preSolution
		HideSolutionNode = FALSE
	EndGlobalSection
	GlobalSection(ExtensibilityGlobals) = postSolution
		SolutionGuid = {F4366A2B-4B92-4815-8052-EBDF0F1DE577}
	EndGlobalSection
EndGlobal
