
Microsoft Visual Studio Solution File, Format Version 12.00
# Visual Studio Version 17
VisualStudioVersion = 17.5.33627.172
MinimumVisualStudioVersion = 10.0.40219.1
Project("{8BC9CEB8-8B4A-11D0-8D11-00A0C91BC942}") = "4MultiplosDe3Y5", "4MultiplosDe3Y5\4MultiplosDe3Y5.vcxproj", "{CD4D006F-E08A-41FE-8EF7-B0852BF2303A}"
EndProject
Global
	GlobalSection(SolutionConfigurationPlatforms) = preSolution
		Debug|x64 = Debug|x64
		Debug|x86 = Debug|x86
		Release|x64 = Release|x64
		Release|x86 = Release|x86
	EndGlobalSection
	GlobalSection(ProjectConfigurationPlatforms) = postSolution
		{CD4D006F-E08A-41FE-8EF7-B0852BF2303A}.Debug|x64.ActiveCfg = Debug|x64
		{CD4D006F-E08A-41FE-8EF7-B0852BF2303A}.Debug|x64.Build.0 = Debug|x64
		{CD4D006F-E08A-41FE-8EF7-B0852BF2303A}.Debug|x86.ActiveCfg = Debug|Win32
		{CD4D006F-E08A-41FE-8EF7-B0852BF2303A}.Debug|x86.Build.0 = Debug|Win32
		{CD4D006F-E08A-41FE-8EF7-B0852BF2303A}.Release|x64.ActiveCfg = Release|x64
		{CD4D006F-E08A-41FE-8EF7-B0852BF2303A}.Release|x64.Build.0 = Release|x64
		{CD4D006F-E08A-41FE-8EF7-B0852BF2303A}.Release|x86.ActiveCfg = Release|Win32
		{CD4D006F-E08A-41FE-8EF7-B0852BF2303A}.Release|x86.Build.0 = Release|Win32
	EndGlobalSection
	GlobalSection(SolutionProperties) = preSolution
		HideSolutionNode = FALSE
	EndGlobalSection
	GlobalSection(ExtensibilityGlobals) = postSolution
		SolutionGuid = {EB6B150E-2CA0-4A4A-B137-AE1EF952AEBF}
	EndGlobalSection
EndGlobal
