
Microsoft Visual Studio Solution File, Format Version 12.00
# Visual Studio Version 17
VisualStudioVersion = 17.5.33627.172
MinimumVisualStudioVersion = 10.0.40219.1
Project("{8BC9CEB8-8B4A-11D0-8D11-00A0C91BC942}") = "3SumaValores", "3SumaValores\3SumaValores.vcxproj", "{F5EDF40F-C111-4E82-BA92-CEDAFD6F833B}"
EndProject
Global
	GlobalSection(SolutionConfigurationPlatforms) = preSolution
		Debug|x64 = Debug|x64
		Debug|x86 = Debug|x86
		Release|x64 = Release|x64
		Release|x86 = Release|x86
	EndGlobalSection
	GlobalSection(ProjectConfigurationPlatforms) = postSolution
		{F5EDF40F-C111-4E82-BA92-CEDAFD6F833B}.Debug|x64.ActiveCfg = Debug|x64
		{F5EDF40F-C111-4E82-BA92-CEDAFD6F833B}.Debug|x64.Build.0 = Debug|x64
		{F5EDF40F-C111-4E82-BA92-CEDAFD6F833B}.Debug|x86.ActiveCfg = Debug|Win32
		{F5EDF40F-C111-4E82-BA92-CEDAFD6F833B}.Debug|x86.Build.0 = Debug|Win32
		{F5EDF40F-C111-4E82-BA92-CEDAFD6F833B}.Release|x64.ActiveCfg = Release|x64
		{F5EDF40F-C111-4E82-BA92-CEDAFD6F833B}.Release|x64.Build.0 = Release|x64
		{F5EDF40F-C111-4E82-BA92-CEDAFD6F833B}.Release|x86.ActiveCfg = Release|Win32
		{F5EDF40F-C111-4E82-BA92-CEDAFD6F833B}.Release|x86.Build.0 = Release|Win32
	EndGlobalSection
	GlobalSection(SolutionProperties) = preSolution
		HideSolutionNode = FALSE
	EndGlobalSection
	GlobalSection(ExtensibilityGlobals) = postSolution
		SolutionGuid = {E0E12E07-C2C5-43EF-9F50-7781E9A3D396}
	EndGlobalSection
EndGlobal
